
Microsoft Visual Studio Solution File, Format Version 12.00
# Visual Studio 2017
Project("{FAE04EC0-301F-11D3-BF4B-00C04F79EFBC}") = "LaneRunner3D", "LaneRunner3D.csproj", "{ACB235F3-840A-8EA3-25F1-C4DD10B4937D}"
EndProject
Project("{FAE04EC0-301F-11D3-BF4B-00C04F79EFBC}") = "LaneRunner3D.Editor", "LaneRunner3D.Editor.csproj", "{3BDFFA2A-1047-9167-2BF6-9465D2909578}"
EndProject
Global
	GlobalSection(SolutionConfigurationPlatforms) = preSolution
		Debug|Any CPU = Debug|Any CPU
		Release|Any CPU = Release|Any CPU
	EndGlobalSection
	GlobalSection(ProjectConfigurationPlatforms) = postSolution
		{ACB235F3-840A-8EA3-25F1-C4DD10B4937D}.Debug|Any CPU.ActiveCfg = Debug|Any CPU
		{ACB235F3-840A-8EA3-25F1-C4DD10B4937D}.Debug|Any CPU.Build.0 = Debug|Any CPU
		{ACB235F3-840A-8EA3-25F1-C4DD10B4937D}.Release|Any CPU.ActiveCfg = Release|Any CPU
		{ACB235F3-840A-8EA3-25F1-C4DD10B4937D}.Release|Any CPU.Build.0 = Release|Any CPU
		{3BDFFA2A-1047-9167-2BF6-9465D2909578}.Debug|Any CPU.ActiveCfg = Debug|Any CPU
		{3BDFFA2A-1047-9167-2BF6-9465D2909578}.Debug|Any CPU.Build.0 = Debug|Any CPU
		{3BDFFA2A-1047-9167-2BF6-9465D2909578}.Release|Any CPU.ActiveCfg = Release|Any CPU
		{3BDFFA2A-1047-9167-2BF6-9465D2909578}.Release|Any CPU.Build.0 = Release|Any CPU
	EndGlobalSection
	GlobalSection(SolutionProperties) = preSolution
		HideSolutionNode = FALSE
	EndGlobalSection
EndGlobal
